<?xml version="1.0" encoding="utf-8"?>
<Project ToolsVersion="4.0" xmlns="http://schemas.microsoft.com/developer/msbuild/2003">
  <ItemGroup>
    <Filter Include="core">
      <UniqueIdentifier>{a8fe8be7-f988-4107-8314-eedce934c9e6}</UniqueIdentifier>
    </Filter>
    <Filter Include="function">
      <UniqueIdentifier>{4a1150f9-c49b-4125-9ddd-9b06caee2867}</UniqueIdentifier>
    </Filter>
    <Filter Include="interaction">
      <UniqueIdentifier>{fa550fbc-6a87-4f01-bec8-cc96e071ba26}</UniqueIdentifier>
    </Filter>
    <Filter Include="core\Graph">
      <UniqueIdentifier>{2ade01f6-7f9b-427c-b8a3-1e9b225d824c}</UniqueIdentifier>
    </Filter>
    <Filter Include="function\Graph_map">
      <UniqueIdentifier>{652be71e-88b9-4559-b9a9-400b6786fd78}</UniqueIdentifier>
    </Filter>
    <Filter Include="core\User">
      <UniqueIdentifier>{e729caae-3a9d-4889-bb83-f6e6804d24c0}</UniqueIdentifier>
    </Filter>
    <Filter Include="function\User_set">
      <UniqueIdentifier>{0c43fb5f-24da-44fc-abde-577be5b9d8cb}</UniqueIdentifier>
    </Filter>
    <Filter Include="core\AES">
      <UniqueIdentifier>{31574d08-bb91-45f6-906b-b901ada6c7e6}</UniqueIdentifier>
    </Filter>
    <Filter Include="core\base">
      <UniqueIdentifier>{c1275bef-0675-4383-9e88-902dcc4f5518}</UniqueIdentifier>
    </Filter>
    <Filter Include="core\algorithm">
      <UniqueIdentifier>{e756d8a9-2cd0-42a5-be12-96a2b1451f82}</UniqueIdentifier>
    </Filter>
    <Filter Include="function\File">
      <UniqueIdentifier>{8a60c23b-0a35-4c1b-a0dc-255d4763d642}</UniqueIdentifier>
    </Filter>
    <Filter Include="interaction\bus_inquiry">
      <UniqueIdentifier>{ac18d5b1-164d-428a-90ad-da63ea751b9d}</UniqueIdentifier>
    </Filter>
    <Filter Include="interaction\line and Station choice">
      <UniqueIdentifier>{f4a70c3b-da9c-47c4-8905-874cc65b27c3}</UniqueIdentifier>
    </Filter>
    <Filter Include="interaction\main_menu">
      <UniqueIdentifier>{b481158f-ad36-4e82-b22a-15323cc755fa}</UniqueIdentifier>
    </Filter>
    <Filter Include="interaction\user_system">
      <UniqueIdentifier>{e457d47b-30bf-4272-accd-5b7a344ac32f}</UniqueIdentifier>
    </Filter>
    <Filter Include="interaction\login">
      <UniqueIdentifier>{ee729d41-aaa2-4b60-a907-4589d3788670}</UniqueIdentifier>
    </Filter>
    <Filter Include="function\interaction">
      <UniqueIdentifier>{59dcc284-f39d-4f25-b50d-3e36d4ddd082}</UniqueIdentifier>
    </Filter>
    <Filter Include="interaction\line_choice">
      <UniqueIdentifier>{04506ecb-f265-40ab-ad9f-09d8aa30c49f}</UniqueIdentifier>
    </Filter>
    <Filter Include="interaction\station_choice">
      <UniqueIdentifier>{56f27878-aa34-4d60-a488-5ea3632acc96}</UniqueIdentifier>
    </Filter>
    <Filter Include="interaction\user_edit">
      <UniqueIdentifier>{16de5ea3-5829-4d76-89bb-6a2f94229477}</UniqueIdentifier>
    </Filter>
  </ItemGroup>
  <ItemGroup>
    <ClCompile Include="main.cpp" />
    <ClCompile Include="User.cpp">
      <Filter>core\User</Filter>
    </ClCompile>
    <ClCompile Include="Graph.cpp">
      <Filter>core\Graph</Filter>
    </ClCompile>
    <ClCompile Include="Graph_map.cpp">
      <Filter>function\Graph_map</Filter>
    </ClCompile>
    <ClCompile Include="User_set.cpp">
      <Filter>function\User_set</Filter>
    </ClCompile>
    <ClCompile Include="AES.cpp">
      <Filter>core\AES</Filter>
    </ClCompile>
    <ClCompile Include="base64.cpp">
      <Filter>core\AES</Filter>
    </ClCompile>
    <ClCompile Include="base_function.cpp">
      <Filter>core\base</Filter>
    </ClCompile>
    <ClCompile Include="algorithm.cpp">
      <Filter>core\algorithm</Filter>
    </ClCompile>
    <ClCompile Include="File.cpp">
      <Filter>function\File</Filter>
    </ClCompile>
    <ClCompile Include="interaction\bus_inquiry.cpp">
      <Filter>interaction\bus_inquiry</Filter>
    </ClCompile>
    <ClCompile Include="interaction\Line and Station choice.cpp">
      <Filter>interaction\line and Station choice</Filter>
    </ClCompile>
    <ClCompile Include="interaction\main_menu.cpp">
      <Filter>interaction\main_menu</Filter>
    </ClCompile>
    <ClCompile Include="interaction\user_system.cpp">
      <Filter>interaction\user_system</Filter>
    </ClCompile>
    <ClCompile Include="interaction\login.cpp">
      <Filter>interaction\login</Filter>
    </ClCompile>
    <ClCompile Include="interaction.cpp">
      <Filter>function\interaction</Filter>
    </ClCompile>
    <ClCompile Include="darw_choice.cpp">
      <Filter>function\interaction</Filter>
    </ClCompile>
    <ClCompile Include="interaction\line_choice.cpp">
      <Filter>interaction\line_choice</Filter>
    </ClCompile>
    <ClCompile Include="interaction\station_choice.cpp">
      <Filter>interaction\station_choice</Filter>
    </ClCompile>
    <ClCompile Include="interaction\user_edit.cpp">
      <Filter>interaction\user_edit</Filter>
    </ClCompile>
  </ItemGroup>
  <ItemGroup>
    <ClInclude Include="Graph_map.h">
      <Filter>function\Graph_map</Filter>
    </ClInclude>
    <ClInclude Include="User.h">
      <Filter>core\User</Filter>
    </ClInclude>
    <ClInclude Include="Graph.h">
      <Filter>core\Graph</Filter>
    </ClInclude>
    <ClInclude Include="User_set.h">
      <Filter>function\User_set</Filter>
    </ClInclude>
    <ClInclude Include="AES.h">
      <Filter>core\AES</Filter>
    </ClInclude>
    <ClInclude Include="base64.h">
      <Filter>core\AES</Filter>
    </ClInclude>
    <ClInclude Include="base_function.h">
      <Filter>core\base</Filter>
    </ClInclude>
    <ClInclude Include="flag.h">
      <Filter>core\base</Filter>
    </ClInclude>
    <ClInclude Include="algorithm.h">
      <Filter>core\algorithm</Filter>
    </ClInclude>
    <ClInclude Include="File.h">
      <Filter>function\File</Filter>
    </ClInclude>
    <ClInclude Include="interaction\bus_inquiry.h">
      <Filter>interaction\bus_inquiry</Filter>
    </ClInclude>
    <ClInclude Include="interaction\Line and Station choice.h">
      <Filter>interaction\line and Station choice</Filter>
    </ClInclude>
    <ClInclude Include="interaction\main_menu.h">
      <Filter>interaction\main_menu</Filter>
    </ClInclude>
    <ClInclude Include="interaction\user_system.h">
      <Filter>interaction\user_system</Filter>
    </ClInclude>
    <ClInclude Include="interaction\login.h">
      <Filter>interaction\login</Filter>
    </ClInclude>
    <ClInclude Include="interaction.h">
      <Filter>function\interaction</Filter>
    </ClInclude>
    <ClInclude Include="darw_choice.h">
      <Filter>function\interaction</Filter>
    </ClInclude>
    <ClInclude Include="interaction\station_choice.h">
      <Filter>interaction\station_choice</Filter>
    </ClInclude>
    <ClInclude Include="interaction\line_choice.h">
      <Filter>interaction\line_choice</Filter>
    </ClInclude>
    <ClInclude Include="interaction\user_edit.h">
      <Filter>interaction\user_edit</Filter>
    </ClInclude>
  </ItemGroup>
</Project>